
Microsoft Visual Studio Solution File, Format Version 12.00
# Visual Studio Version 17
VisualStudioVersion = 17.5.33516.290
MinimumVisualStudioVersion = 10.0.40219.1
Project("{FAE04EC0-301F-11D3-BF4B-00C04F79EFBC}") = "LabNetPractica03", "LabNetPractica03\LabNetPractica03.csproj", "{D31F91E0-C9AB-4FF8-AE9B-5C991D20B00A}"
EndProject
Global
	GlobalSection(SolutionConfigurationPlatforms) = preSolution
		Debug|Any CPU = Debug|Any CPU
		Release|Any CPU = Release|Any CPU
	EndGlobalSection
	GlobalSection(ProjectConfigurationPlatforms) = postSolution
		{D31F91E0-C9AB-4FF8-AE9B-5C991D20B00A}.Debug|Any CPU.ActiveCfg = Debug|Any CPU
		{D31F91E0-C9AB-4FF8-AE9B-5C991D20B00A}.Debug|Any CPU.Build.0 = Debug|Any CPU
		{D31F91E0-C9AB-4FF8-AE9B-5C991D20B00A}.Release|Any CPU.ActiveCfg = Release|Any CPU
		{D31F91E0-C9AB-4FF8-AE9B-5C991D20B00A}.Release|Any CPU.Build.0 = Release|Any CPU
	EndGlobalSection
	GlobalSection(SolutionProperties) = preSolution
		HideSolutionNode = FALSE
	EndGlobalSection
	GlobalSection(ExtensibilityGlobals) = postSolution
		SolutionGuid = {75D12847-E7C6-438A-8F82-AF7DD540E139}
	EndGlobalSection
EndGlobal
